{
  "name": "pharmaerp-print-agent",
  "version": "0.1.0",
  "lockfileVersion": 3,
  "requires": true,
  "packages": {
    "": {
      "name": "pharmaerp-print-agent",
      "version": "0.1.0",
      "bin": {
        "pharmaerp-print-agent": "src/server.js"
      },
      "engines": {
        "node": ">=20"
      }
    }
  }
}
